// !$*UTF8*$!
{
	archiveVersion = 1;
	classes = {
	};
	objectVersion = 56;
	objects = {

/* Begin PBXBuildFile section */
		CB91F4C129028C2A007AB6B0 /* RequestHandler.swift in Sources */ = {isa = PBXBuildFile; fileRef = CB91F4C029028C2A007AB6B0 /* RequestHandler.swift */; };
		CB91F4C529028C2A007AB6B0 /* MatterExtension.appex in Embed Foundation Extensions */ = {isa = PBXBuildFile; fileRef = CB91F4BE29028C2A007AB6B0 /* MatterExtension.appex */; settings = {ATTRIBUTES = (RemoveHeadersOnCopy, ); }; };
		CBC72CB528CF6C41002C61DD /* MatterCommissionerPOCApp.swift in Sources */ = {isa = PBXBuildFile; fileRef = CBC72CB428CF6C41002C61DD /* MatterCommissionerPOCApp.swift */; };
		CBC72CB728CF6C41002C61DD /* ContentView.swift in Sources */ = {isa = PBXBuildFile; fileRef = CBC72CB628CF6C41002C61DD /* ContentView.swift */; };
		CBC72CB928CF6C42002C61DD /* Assets.xcassets in Resources */ = {isa = PBXBuildFile; fileRef = CBC72CB828CF6C42002C61DD /* Assets.xcassets */; };
		CBC72CBC28CF6C42002C61DD /* Preview Assets.xcassets in Resources */ = {isa = PBXBuildFile; fileRef = CBC72CBB28CF6C42002C61DD /* Preview Assets.xcassets */; };
/* End PBXBuildFile section */

/* Begin PBXContainerItemProxy section */
		CB91F4C329028C2A007AB6B0 /* PBXContainerItemProxy */ = {
			isa = PBXContainerItemProxy;
			containerPortal = CBC72CA928CF6C41002C61DD /* Project object */;
			proxyType = 1;
			remoteGlobalIDString = CB91F4BD29028C2A007AB6B0;
			remoteInfo = MatterExtension;
		};
/* End PBXContainerItemProxy section */

/* Begin PBXCopyFilesBuildPhase section */
		CB91F4C629028C2A007AB6B0 /* Embed Foundation Extensions */ = {
			isa = PBXCopyFilesBuildPhase;
			buildActionMask = 2147483647;
			dstPath = "";
			dstSubfolderSpec = 13;
			files = (
				CB91F4C529028C2A007AB6B0 /* MatterExtension.appex in Embed Foundation Extensions */,
			);
			name = "Embed Foundation Extensions";
			runOnlyForDeploymentPostprocessing = 0;
		};
/* End PBXCopyFilesBuildPhase section */

/* Begin PBXFileReference section */
		CB91F4BE29028C2A007AB6B0 /* MatterExtension.appex */ = {isa = PBXFileReference; explicitFileType = "wrapper.app-extension"; includeInIndex = 0; path = MatterExtension.appex; sourceTree = BUILT_PRODUCTS_DIR; };
		CB91F4C029028C2A007AB6B0 /* RequestHandler.swift */ = {isa = PBXFileReference; lastKnownFileType = sourcecode.swift; path = RequestHandler.swift; sourceTree = "<group>"; };
		CB91F4C229028C2A007AB6B0 /* Info.plist */ = {isa = PBXFileReference; lastKnownFileType = text.plist.xml; path = Info.plist; sourceTree = "<group>"; };
		CB91F4CA29029EB5007AB6B0 /* Info.plist */ = {isa = PBXFileReference; lastKnownFileType = text.plist; path = Info.plist; sourceTree = "<group>"; };
		CBC72CB128CF6C41002C61DD /* MatterCommissionerPOC.app */ = {isa = PBXFileReference; explicitFileType = wrapper.application; includeInIndex = 0; path = MatterCommissionerPOC.app; sourceTree = BUILT_PRODUCTS_DIR; };
		CBC72CB428CF6C41002C61DD /* MatterCommissionerPOCApp.swift */ = {isa = PBXFileReference; lastKnownFileType = sourcecode.swift; path = MatterCommissionerPOCApp.swift; sourceTree = "<group>"; };
		CBC72CB628CF6C41002C61DD /* ContentView.swift */ = {isa = PBXFileReference; lastKnownFileType = sourcecode.swift; path = ContentView.swift; sourceTree = "<group>"; };
		CBC72CB828CF6C42002C61DD /* Assets.xcassets */ = {isa = PBXFileReference; lastKnownFileType = folder.assetcatalog; path = Assets.xcassets; sourceTree = "<group>"; };
		CBC72CBB28CF6C42002C61DD /* Preview Assets.xcassets */ = {isa = PBXFileReference; lastKnownFileType = folder.assetcatalog; path = "Preview Assets.xcassets"; sourceTree = "<group>"; };
		CBC72CC628D05B7C002C61DD /* Matter.entitlements */ = {isa = PBXFileReference; lastKnownFileType = text.plist.entitlements; path = Matter.entitlements; sourceTree = "<group>"; };
/* End PBXFileReference section */

/* Begin PBXFrameworksBuildPhase section */
		CB91F4BB29028C2A007AB6B0 /* Frameworks */ = {
			isa = PBXFrameworksBuildPhase;
			buildActionMask = 2147483647;
			files = (
			);
			runOnlyForDeploymentPostprocessing = 0;
		};
		CBC72CAE28CF6C41002C61DD /* Frameworks */ = {
			isa = PBXFrameworksBuildPhase;
			buildActionMask = 2147483647;
			files = (
			);
			runOnlyForDeploymentPostprocessing = 0;
		};
/* End PBXFrameworksBuildPhase section */

/* Begin PBXGroup section */
		CB91F4BF29028C2A007AB6B0 /* MatterExtension */ = {
			isa = PBXGroup;
			children = (
				CB91F4C029028C2A007AB6B0 /* RequestHandler.swift */,
				CB91F4C229028C2A007AB6B0 /* Info.plist */,
			);
			path = MatterExtension;
			sourceTree = "<group>";
		};
		CBC72CA828CF6C41002C61DD = {
			isa = PBXGroup;
			children = (
				CBC72CB328CF6C41002C61DD /* MatterCommissionerPOC */,
				CB91F4BF29028C2A007AB6B0 /* MatterExtension */,
				CBC72CB228CF6C41002C61DD /* Products */,
			);
			sourceTree = "<group>";
		};
		CBC72CB228CF6C41002C61DD /* Products */ = {
			isa = PBXGroup;
			children = (
				CBC72CB128CF6C41002C61DD /* MatterCommissionerPOC.app */,
				CB91F4BE29028C2A007AB6B0 /* MatterExtension.appex */,
			);
			name = Products;
			sourceTree = "<group>";
		};
		CBC72CB328CF6C41002C61DD /* MatterCommissionerPOC */ = {
			isa = PBXGroup;
			children = (
				CB91F4CA29029EB5007AB6B0 /* Info.plist */,
				CBC72CC628D05B7C002C61DD /* Matter.entitlements */,
				CBC72CB428CF6C41002C61DD /* MatterCommissionerPOCApp.swift */,
				CBC72CB628CF6C41002C61DD /* ContentView.swift */,
				CBC72CB828CF6C42002C61DD /* Assets.xcassets */,
				CBC72CBA28CF6C42002C61DD /* Preview Content */,
			);
			path = MatterCommissionerPOC;
			sourceTree = "<group>";
		};
		CBC72CBA28CF6C42002C61DD /* Preview Content */ = {
			isa = PBXGroup;
			children = (
				CBC72CBB28CF6C42002C61DD /* Preview Assets.xcassets */,
			);
			path = "Preview Content";
			sourceTree = "<group>";
		};
/* End PBXGroup section */

/* Begin PBXNativeTarget section */
		CB91F4BD29028C2A007AB6B0 /* MatterExtension */ = {
			isa = PBXNativeTarget;
			buildConfigurationList = CB91F4C929028C2A007AB6B0 /* Build configuration list for PBXNativeTarget "MatterExtension" */;
			buildPhases = (
				CB91F4BA29028C2A007AB6B0 /* Sources */,
				CB91F4BB29028C2A007AB6B0 /* Frameworks */,
				CB91F4BC29028C2A007AB6B0 /* Resources */,
			);
			buildRules = (
			);
			dependencies = (
			);
			name = MatterExtension;
			productName = MatterExtension;
			productReference = CB91F4BE29028C2A007AB6B0 /* MatterExtension.appex */;
			productType = "com.apple.product-type.app-extension";
		};
		CBC72CB028CF6C41002C61DD /* MatterCommissionerPOC */ = {
			isa = PBXNativeTarget;
			buildConfigurationList = CBC72CBF28CF6C42002C61DD /* Build configuration list for PBXNativeTarget "MatterCommissionerPOC" */;
			buildPhases = (
				CBC72CAD28CF6C41002C61DD /* Sources */,
				CBC72CAE28CF6C41002C61DD /* Frameworks */,
				CBC72CAF28CF6C41002C61DD /* Resources */,
				CB91F4C629028C2A007AB6B0 /* Embed Foundation Extensions */,
			);
			buildRules = (
			);
			dependencies = (
				CB91F4C429028C2A007AB6B0 /* PBXTargetDependency */,
			);
			name = MatterCommissionerPOC;
			productName = MatterCommissionerPOC;
			productReference = CBC72CB128CF6C41002C61DD /* MatterCommissionerPOC.app */;
			productType = "com.apple.product-type.application";
		};
/* End PBXNativeTarget section */

/* Begin PBXProject section */
		CBC72CA928CF6C41002C61DD /* Project object */ = {
			isa = PBXProject;
			attributes = {
				BuildIndependentTargetsInParallel = 1;
				LastSwiftUpdateCheck = 1410;
				LastUpgradeCheck = 1400;
				TargetAttributes = {
					CB91F4BD29028C2A007AB6B0 = {
						CreatedOnToolsVersion = 14.1;
					};
					CBC72CB028CF6C41002C61DD = {
						CreatedOnToolsVersion = 14.0;
						LastSwiftMigration = 1400;
					};
				};
			};
			buildConfigurationList = CBC72CAC28CF6C41002C61DD /* Build configuration list for PBXProject "MatterCommissionerPOC" */;
			compatibilityVersion = "Xcode 14.0";
			developmentRegion = en;
			hasScannedForEncodings = 0;
			knownRegions = (
				en,
				Base,
			);
			mainGroup = CBC72CA828CF6C41002C61DD;
			productRefGroup = CBC72CB228CF6C41002C61DD /* Products */;
			projectDirPath = "";
			projectRoot = "";
			targets = (
				CBC72CB028CF6C41002C61DD /* MatterCommissionerPOC */,
				CB91F4BD29028C2A007AB6B0 /* MatterExtension */,
			);
		};
/* End PBXProject section */

/* Begin PBXResourcesBuildPhase section */
		CB91F4BC29028C2A007AB6B0 /* Resources */ = {
			isa = PBXResourcesBuildPhase;
			buildActionMask = 2147483647;
			files = (
			);
			runOnlyForDeploymentPostprocessing = 0;
		};
		CBC72CAF28CF6C41002C61DD /* Resources */ = {
			isa = PBXResourcesBuildPhase;
			buildActionMask = 2147483647;
			files = (
				CBC72CBC28CF6C42002C61DD /* Preview Assets.xcassets in Resources */,
				CBC72CB928CF6C42002C61DD /* Assets.xcassets in Resources */,
			);
			runOnlyForDeploymentPostprocessing = 0;
		};
/* End PBXResourcesBuildPhase section */

/* Begin PBXSourcesBuildPhase section */
		CB91F4BA29028C2A007AB6B0 /* Sources */ = {
			isa = PBXSourcesBuildPhase;
			buildActionMask = 2147483647;
			files = (
				CB91F4C129028C2A007AB6B0 /* RequestHandler.swift in Sources */,
			);
			runOnlyForDeploymentPostprocessing = 0;
		};
		CBC72CAD28CF6C41002C61DD /* Sources */ = {
			isa = PBXSourcesBuildPhase;
			buildActionMask = 2147483647;
			files = (
				CBC72CB728CF6C41002C61DD /* ContentView.swift in Sources */,
				CBC72CB528CF6C41002C61DD /* MatterCommissionerPOCApp.swift in Sources */,
			);
			runOnlyForDeploymentPostprocessing = 0;
		};
/* End PBXSourcesBuildPhase section */

/* Begin PBXTargetDependency section */
		CB91F4C429028C2A007AB6B0 /* PBXTargetDependency */ = {
			isa = PBXTargetDependency;
			target = CB91F4BD29028C2A007AB6B0 /* MatterExtension */;
			targetProxy = CB91F4C329028C2A007AB6B0 /* PBXContainerItemProxy */;
		};
/* End PBXTargetDependency section */

/* Begin XCBuildConfiguration section */
		CB91F4C729028C2A007AB6B0 /* Debug */ = {
			isa = XCBuildConfiguration;
			buildSettings = {
				CODE_SIGN_STYLE = Automatic;
				CURRENT_PROJECT_VERSION = 1;
				DEVELOPMENT_TEAM = JD8PYQD29S;
				GENERATE_INFOPLIST_FILE = YES;
				INFOPLIST_FILE = MatterExtension/Info.plist;
				INFOPLIST_KEY_CFBundleDisplayName = MatterExtension;
				INFOPLIST_KEY_NSHumanReadableCopyright = "";
				IPHONEOS_DEPLOYMENT_TARGET = 16.1;
				LD_RUNPATH_SEARCH_PATHS = (
					"$(inherited)",
					"@executable_path/Frameworks",
					"@executable_path/../../Frameworks",
				);
				MARKETING_VERSION = 1.0;
				PRODUCT_BUNDLE_IDENTIFIER = de.telekom.MatterCommissionerPOC.MatterExtension;
				PRODUCT_NAME = "$(TARGET_NAME)";
				SKIP_INSTALL = YES;
				SWIFT_EMIT_LOC_STRINGS = YES;
				SWIFT_VERSION = 5.0;
				TARGETED_DEVICE_FAMILY = "1,2";
			};
			name = Debug;
		};
		CB91F4C829028C2A007AB6B0 /* Release */ = {
			isa = XCBuildConfiguration;
			buildSettings = {
				CODE_SIGN_STYLE = Automatic;
				CURRENT_PROJECT_VERSION = 1;
				DEVELOPMENT_TEAM = JD8PYQD29S;
				GENERATE_INFOPLIST_FILE = YES;
				INFOPLIST_FILE = MatterExtension/Info.plist;
				INFOPLIST_KEY_CFBundleDisplayName = MatterExtension;
				INFOPLIST_KEY_NSHumanReadableCopyright = "";
				IPHONEOS_DEPLOYMENT_TARGET = 16.1;
				LD_RUNPATH_SEARCH_PATHS = (
					"$(inherited)",
					"@executable_path/Frameworks",
					"@executable_path/../../Frameworks",
				);
				MARKETING_VERSION = 1.0;
				PRODUCT_BUNDLE_IDENTIFIER = de.telekom.MatterCommissionerPOC.MatterExtension;
				PRODUCT_NAME = "$(TARGET_NAME)";
				SKIP_INSTALL = YES;
				SWIFT_EMIT_LOC_STRINGS = YES;
				SWIFT_VERSION = 5.0;
				TARGETED_DEVICE_FAMILY = "1,2";
			};
			name = Release;
		};
		CBC72CBD28CF6C42002C61DD /* Debug */ = {
			isa = XCBuildConfiguration;
			buildSettings = {
				ALWAYS_SEARCH_USER_PATHS = NO;
				CLANG_ANALYZER_NONNULL = YES;
				CLANG_ANALYZER_NUMBER_OBJECT_CONVERSION = YES_AGGRESSIVE;
				CLANG_CXX_LANGUAGE_STANDARD = "gnu++20";
				CLANG_ENABLE_MODULES = YES;
				CLANG_ENABLE_OBJC_ARC = YES;
				CLANG_ENABLE_OBJC_WEAK = YES;
				CLANG_WARN_BLOCK_CAPTURE_AUTORELEASING = YES;
				CLANG_WARN_BOOL_CONVERSION = YES;
				CLANG_WARN_COMMA = YES;
				CLANG_WARN_CONSTANT_CONVERSION = YES;
				CLANG_WARN_DEPRECATED_OBJC_IMPLEMENTATIONS = YES;
				CLANG_WARN_DIRECT_OBJC_ISA_USAGE = YES_ERROR;
				CLANG_WARN_DOCUMENTATION_COMMENTS = YES;
				CLANG_WARN_EMPTY_BODY = YES;
				CLANG_WARN_ENUM_CONVERSION = YES;
				CLANG_WARN_INFINITE_RECURSION = YES;
				CLANG_WARN_INT_CONVERSION = YES;
				CLANG_WARN_NON_LITERAL_NULL_CONVERSION = YES;
				CLANG_WARN_OBJC_IMPLICIT_RETAIN_SELF = YES;
				CLANG_WARN_OBJC_LITERAL_CONVERSION = YES;
				CLANG_WARN_OBJC_ROOT_CLASS = YES_ERROR;
				CLANG_WARN_QUOTED_INCLUDE_IN_FRAMEWORK_HEADER = YES;
				CLANG_WARN_RANGE_LOOP_ANALYSIS = YES;
				CLANG_WARN_STRICT_PROTOTYPES = YES;
				CLANG_WARN_SUSPICIOUS_MOVE = YES;
				CLANG_WARN_UNGUARDED_AVAILABILITY = YES_AGGRESSIVE;
				CLANG_WARN_UNREACHABLE_CODE = YES;
				CLANG_WARN__DUPLICATE_METHOD_MATCH = YES;
				COPY_PHASE_STRIP = NO;
				DEBUG_INFORMATION_FORMAT = dwarf;
				ENABLE_STRICT_OBJC_MSGSEND = YES;
				ENABLE_TESTABILITY = YES;
				GCC_C_LANGUAGE_STANDARD = gnu11;
				GCC_DYNAMIC_NO_PIC = NO;
				GCC_NO_COMMON_BLOCKS = YES;
				GCC_OPTIMIZATION_LEVEL = 0;
				GCC_PREPROCESSOR_DEFINITIONS = (
					"DEBUG=1",
					"$(inherited)",
				);
				GCC_WARN_64_TO_32_BIT_CONVERSION = YES;
				GCC_WARN_ABOUT_RETURN_TYPE = YES_ERROR;
				GCC_WARN_UNDECLARED_SELECTOR = YES;
				GCC_WARN_UNINITIALIZED_AUTOS = YES_AGGRESSIVE;
				GCC_WARN_UNUSED_FUNCTION = YES;
				GCC_WARN_UNUSED_VARIABLE = YES;
				IPHONEOS_DEPLOYMENT_TARGET = 16.0;
				MTL_ENABLE_DEBUG_INFO = INCLUDE_SOURCE;
				MTL_FAST_MATH = YES;
				ONLY_ACTIVE_ARCH = YES;
				SDKROOT = iphoneos;
				SWIFT_ACTIVE_COMPILATION_CONDITIONS = DEBUG;
				SWIFT_OPTIMIZATION_LEVEL = "-Onone";
			};
			name = Debug;
		};
		CBC72CBE28CF6C42002C61DD /* Release */ = {
			isa = XCBuildConfiguration;
			buildSettings = {
				ALWAYS_SEARCH_USER_PATHS = NO;
				CLANG_ANALYZER_NONNULL = YES;
				CLANG_ANALYZER_NUMBER_OBJECT_CONVERSION = YES_AGGRESSIVE;
				CLANG_CXX_LANGUAGE_STANDARD = "gnu++20";
				CLANG_ENABLE_MODULES = YES;
				CLANG_ENABLE_OBJC_ARC = YES;
				CLANG_ENABLE_OBJC_WEAK = YES;
				CLANG_WARN_BLOCK_CAPTURE_AUTORELEASING = YES;
				CLANG_WARN_BOOL_CONVERSION = YES;
				CLANG_WARN_COMMA = YES;
				CLANG_WARN_CONSTANT_CONVERSION = YES;
				CLANG_WARN_DEPRECATED_OBJC_IMPLEMENTATIONS = YES;
				CLANG_WARN_DIRECT_OBJC_ISA_USAGE = YES_ERROR;
				CLANG_WARN_DOCUMENTATION_COMMENTS = YES;
				CLANG_WARN_EMPTY_BODY = YES;
				CLANG_WARN_ENUM_CONVERSION = YES;
				CLANG_WARN_INFINITE_RECURSION = YES;
				CLANG_WARN_INT_CONVERSION = YES;
				CLANG_WARN_NON_LITERAL_NULL_CONVERSION = YES;
				CLANG_WARN_OBJC_IMPLICIT_RETAIN_SELF = YES;
				CLANG_WARN_OBJC_LITERAL_CONVERSION = YES;
				CLANG_WARN_OBJC_ROOT_CLASS = YES_ERROR;
				CLANG_WARN_QUOTED_INCLUDE_IN_FRAMEWORK_HEADER = YES;
				CLANG_WARN_RANGE_LOOP_ANALYSIS = YES;
				CLANG_WARN_STRICT_PROTOTYPES = YES;
				CLANG_WARN_SUSPICIOUS_MOVE = YES;
				CLANG_WARN_UNGUARDED_AVAILABILITY = YES_AGGRESSIVE;
				CLANG_WARN_UNREACHABLE_CODE = YES;
				CLANG_WARN__DUPLICATE_METHOD_MATCH = YES;
				COPY_PHASE_STRIP = NO;
				DEBUG_INFORMATION_FORMAT = "dwarf-with-dsym";
				ENABLE_NS_ASSERTIONS = NO;
				ENABLE_STRICT_OBJC_MSGSEND = YES;
				GCC_C_LANGUAGE_STANDARD = gnu11;
				GCC_NO_COMMON_BLOCKS = YES;
				GCC_WARN_64_TO_32_BIT_CONVERSION = YES;
				GCC_WARN_ABOUT_RETURN_TYPE = YES_ERROR;
				GCC_WARN_UNDECLARED_SELECTOR = YES;
				GCC_WARN_UNINITIALIZED_AUTOS = YES_AGGRESSIVE;
				GCC_WARN_UNUSED_FUNCTION = YES;
				GCC_WARN_UNUSED_VARIABLE = YES;
				IPHONEOS_DEPLOYMENT_TARGET = 16.0;
				MTL_ENABLE_DEBUG_INFO = NO;
				MTL_FAST_MATH = YES;
				SDKROOT = iphoneos;
				SWIFT_COMPILATION_MODE = wholemodule;
				SWIFT_OPTIMIZATION_LEVEL = "-O";
				VALIDATE_PRODUCT = YES;
			};
			name = Release;
		};
		CBC72CC028CF6C42002C61DD /* Debug */ = {
			isa = XCBuildConfiguration;
			buildSettings = {
				ALWAYS_EMBED_SWIFT_STANDARD_LIBRARIES = YES;
				ASSETCATALOG_COMPILER_APPICON_NAME = AppIcon;
				ASSETCATALOG_COMPILER_GLOBAL_ACCENT_COLOR_NAME = AccentColor;
				CLANG_ENABLE_MODULES = YES;
				CODE_SIGN_ENTITLEMENTS = MatterCommissionerPOC/Matter.entitlements;
				CODE_SIGN_STYLE = Automatic;
				CURRENT_PROJECT_VERSION = 1;
				DEVELOPMENT_ASSET_PATHS = "\"MatterCommissionerPOC/Preview Content\"";
				DEVELOPMENT_TEAM = JD8PYQD29S;
				ENABLE_PREVIEWS = YES;
				GENERATE_INFOPLIST_FILE = YES;
				INFOPLIST_FILE = MatterCommissionerPOC/Info.plist;
				INFOPLIST_KEY_UIApplicationSceneManifest_Generation = YES;
				INFOPLIST_KEY_UIApplicationSupportsIndirectInputEvents = YES;
				INFOPLIST_KEY_UILaunchScreen_Generation = YES;
				INFOPLIST_KEY_UISupportedInterfaceOrientations_iPad = "UIInterfaceOrientationPortrait UIInterfaceOrientationPortraitUpsideDown UIInterfaceOrientationLandscapeLeft UIInterfaceOrientationLandscapeRight";
				INFOPLIST_KEY_UISupportedInterfaceOrientations_iPhone = "UIInterfaceOrientationPortrait UIInterfaceOrientationLandscapeLeft UIInterfaceOrientationLandscapeRight";
				IPHONEOS_DEPLOYMENT_TARGET = 16.1;
				LD_RUNPATH_SEARCH_PATHS = (
					"$(inherited)",
					"@executable_path/Frameworks",
				);
				MARKETING_VERSION = 1.0;
				PRODUCT_BUNDLE_IDENTIFIER = de.telekom.MatterCommissionerPOC;
				PRODUCT_NAME = "$(TARGET_NAME)";
				SWIFT_EMIT_LOC_STRINGS = YES;
				SWIFT_OPTIMIZATION_LEVEL = "-Onone";
				SWIFT_VERSION = 5.0;
				TARGETED_DEVICE_FAMILY = "1,2";
			};
			name = Debug;
		};
		CBC72CC128CF6C42002C61DD /* Release */ = {
			isa = XCBuildConfiguration;
			buildSettings = {
				ALWAYS_EMBED_SWIFT_STANDARD_LIBRARIES = YES;
				ASSETCATALOG_COMPILER_APPICON_NAME = AppIcon;
				ASSETCATALOG_COMPILER_GLOBAL_ACCENT_COLOR_NAME = AccentColor;
				CLANG_ENABLE_MODULES = YES;
				CODE_SIGN_ENTITLEMENTS = MatterCommissionerPOC/Matter.entitlements;
				CODE_SIGN_STYLE = Automatic;
				CURRENT_PROJECT_VERSION = 1;
				DEVELOPMENT_ASSET_PATHS = "\"MatterCommissionerPOC/Preview Content\"";
				DEVELOPMENT_TEAM = JD8PYQD29S;
				ENABLE_PREVIEWS = YES;
				GENERATE_INFOPLIST_FILE = YES;
				INFOPLIST_FILE = MatterCommissionerPOC/Info.plist;
				INFOPLIST_KEY_UIApplicationSceneManifest_Generation = YES;
				INFOPLIST_KEY_UIApplicationSupportsIndirectInputEvents = YES;
				INFOPLIST_KEY_UILaunchScreen_Generation = YES;
				INFOPLIST_KEY_UISupportedInterfaceOrientations_iPad = "UIInterfaceOrientationPortrait UIInterfaceOrientationPortraitUpsideDown UIInterfaceOrientationLandscapeLeft UIInterfaceOrientationLandscapeRight";
				INFOPLIST_KEY_UISupportedInterfaceOrientations_iPhone = "UIInterfaceOrientationPortrait UIInterfaceOrientationLandscapeLeft UIInterfaceOrientationLandscapeRight";
				IPHONEOS_DEPLOYMENT_TARGET = 16.1;
				LD_RUNPATH_SEARCH_PATHS = (
					"$(inherited)",
					"@executable_path/Frameworks",
				);
				MARKETING_VERSION = 1.0;
				PRODUCT_BUNDLE_IDENTIFIER = de.telekom.MatterCommissionerPOC;
				PRODUCT_NAME = "$(TARGET_NAME)";
				SWIFT_EMIT_LOC_STRINGS = YES;
				SWIFT_VERSION = 5.0;
				TARGETED_DEVICE_FAMILY = "1,2";
			};
			name = Release;
		};
/* End XCBuildConfiguration section */

/* Begin XCConfigurationList section */
		CB91F4C929028C2A007AB6B0 /* Build configuration list for PBXNativeTarget "MatterExtension" */ = {
			isa = XCConfigurationList;
			buildConfigurations = (
				CB91F4C729028C2A007AB6B0 /* Debug */,
				CB91F4C829028C2A007AB6B0 /* Release */,
			);
			defaultConfigurationIsVisible = 0;
			defaultConfigurationName = Release;
		};
		CBC72CAC28CF6C41002C61DD /* Build configuration list for PBXProject "MatterCommissionerPOC" */ = {
			isa = XCConfigurationList;
			buildConfigurations = (
				CBC72CBD28CF6C42002C61DD /* Debug */,
				CBC72CBE28CF6C42002C61DD /* Release */,
			);
			defaultConfigurationIsVisible = 0;
			defaultConfigurationName = Release;
		};
		CBC72CBF28CF6C42002C61DD /* Build configuration list for PBXNativeTarget "MatterCommissionerPOC" */ = {
			isa = XCConfigurationList;
			buildConfigurations = (
				CBC72CC028CF6C42002C61DD /* Debug */,
				CBC72CC128CF6C42002C61DD /* Release */,
			);
			defaultConfigurationIsVisible = 0;
			defaultConfigurationName = Release;
		};
/* End XCConfigurationList section */
	};
	rootObject = CBC72CA928CF6C41002C61DD /* Project object */;
}
